
Microsoft Visual Studio Solution File, Format Version 12.00
# Visual Studio Version 16
VisualStudioVersion = 16.0.29324.140
MinimumVisualStudioVersion = 10.0.40219.1
Project("{FAE04EC0-301F-11D3-BF4B-00C04F79EFBC}") = "task3.1", "task3.1\task3.1.csproj", "{E1E9801F-B4BD-4950-958D-744DF528D93A}"
EndProject
Global
	GlobalSection(SolutionConfigurationPlatforms) = preSolution
		Debug|Any CPU = Debug|Any CPU
		Release|Any CPU = Release|Any CPU
	EndGlobalSection
	GlobalSection(ProjectConfigurationPlatforms) = postSolution
		{E1E9801F-B4BD-4950-958D-744DF528D93A}.Debug|Any CPU.ActiveCfg = Debug|Any CPU
		{E1E9801F-B4BD-4950-958D-744DF528D93A}.Debug|Any CPU.Build.0 = Debug|Any CPU
		{E1E9801F-B4BD-4950-958D-744DF528D93A}.Release|Any CPU.ActiveCfg = Release|Any CPU
		{E1E9801F-B4BD-4950-958D-744DF528D93A}.Release|Any CPU.Build.0 = Release|Any CPU
	EndGlobalSection
	GlobalSection(SolutionProperties) = preSolution
		HideSolutionNode = FALSE
	EndGlobalSection
	GlobalSection(ExtensibilityGlobals) = postSolution
		SolutionGuid = {1D3B9096-CBA1-4788-BC93-9903BDA10906}
	EndGlobalSection
EndGlobal
