
Microsoft Visual Studio Solution File, Format Version 12.00
# Visual Studio Version 16
VisualStudioVersion = 16.0.29324.140
MinimumVisualStudioVersion = 10.0.40219.1
Project("{FAE04EC0-301F-11D3-BF4B-00C04F79EFBC}") = "task2.2", "task2.2\task2.2.csproj", "{D5DE8698-97F2-4658-91E2-88B112F89AE2}"
EndProject
Global
	GlobalSection(SolutionConfigurationPlatforms) = preSolution
		Debug|Any CPU = Debug|Any CPU
		Release|Any CPU = Release|Any CPU
	EndGlobalSection
	GlobalSection(ProjectConfigurationPlatforms) = postSolution
		{D5DE8698-97F2-4658-91E2-88B112F89AE2}.Debug|Any CPU.ActiveCfg = Debug|Any CPU
		{D5DE8698-97F2-4658-91E2-88B112F89AE2}.Debug|Any CPU.Build.0 = Debug|Any CPU
		{D5DE8698-97F2-4658-91E2-88B112F89AE2}.Release|Any CPU.ActiveCfg = Release|Any CPU
		{D5DE8698-97F2-4658-91E2-88B112F89AE2}.Release|Any CPU.Build.0 = Release|Any CPU
	EndGlobalSection
	GlobalSection(SolutionProperties) = preSolution
		HideSolutionNode = FALSE
	EndGlobalSection
	GlobalSection(ExtensibilityGlobals) = postSolution
		SolutionGuid = {5D1B9D8D-BEE5-4F10-8E17-18B40E7FB41A}
	EndGlobalSection
EndGlobal
